
Microsoft Visual Studio Solution File, Format Version 12.00
# Visual Studio Version 17
VisualStudioVersion = 17.4.33110.190
MinimumVisualStudioVersion = 10.0.40219.1
Project("{8BC9CEB8-8B4A-11D0-8D11-00A0C91BC942}") = "Week8-GameDemo", "Week8-GameDemo\Week8-GameDemo.vcxproj", "{EB2522A3-73F0-4C5D-9BB6-F9BD23565834}"
EndProject
Project("{8BC9CEB8-8B4A-11D0-8D11-00A0C91BC942}") = "LevelEditor", "LevelEditor\LevelEditor.vcxproj", "{51775272-A3B5-40C4-AF83-986478807DA1}"
EndProject
Global
	GlobalSection(SolutionConfigurationPlatforms) = preSolution
		Debug|x64 = Debug|x64
		Debug|x86 = Debug|x86
		Release|x64 = Release|x64
		Release|x86 = Release|x86
	EndGlobalSection
	GlobalSection(ProjectConfigurationPlatforms) = postSolution
		{EB2522A3-73F0-4C5D-9BB6-F9BD23565834}.Debug|x64.ActiveCfg = Debug|x64
		{EB2522A3-73F0-4C5D-9BB6-F9BD23565834}.Debug|x64.Build.0 = Debug|x64
		{EB2522A3-73F0-4C5D-9BB6-F9BD23565834}.Debug|x86.ActiveCfg = Debug|Win32
		{EB2522A3-73F0-4C5D-9BB6-F9BD23565834}.Debug|x86.Build.0 = Debug|Win32
		{EB2522A3-73F0-4C5D-9BB6-F9BD23565834}.Release|x64.ActiveCfg = Release|x64
		{EB2522A3-73F0-4C5D-9BB6-F9BD23565834}.Release|x64.Build.0 = Release|x64
		{EB2522A3-73F0-4C5D-9BB6-F9BD23565834}.Release|x86.ActiveCfg = Release|Win32
		{EB2522A3-73F0-4C5D-9BB6-F9BD23565834}.Release|x86.Build.0 = Release|Win32
		{51775272-A3B5-40C4-AF83-986478807DA1}.Debug|x64.ActiveCfg = Debug|x64
		{51775272-A3B5-40C4-AF83-986478807DA1}.Debug|x64.Build.0 = Debug|x64
		{51775272-A3B5-40C4-AF83-986478807DA1}.Debug|x86.ActiveCfg = Debug|Win32
		{51775272-A3B5-40C4-AF83-986478807DA1}.Debug|x86.Build.0 = Debug|Win32
		{51775272-A3B5-40C4-AF83-986478807DA1}.Release|x64.ActiveCfg = Release|x64
		{51775272-A3B5-40C4-AF83-986478807DA1}.Release|x64.Build.0 = Release|x64
		{51775272-A3B5-40C4-AF83-986478807DA1}.Release|x86.ActiveCfg = Release|Win32
		{51775272-A3B5-40C4-AF83-986478807DA1}.Release|x86.Build.0 = Release|Win32
	EndGlobalSection
	GlobalSection(SolutionProperties) = preSolution
		HideSolutionNode = FALSE
	EndGlobalSection
	GlobalSection(ExtensibilityGlobals) = postSolution
		SolutionGuid = {1F0C348F-6A78-4ED4-AD1E-CE2687AA7297}
	EndGlobalSection
EndGlobal
